{
  "object": {
    "pins": [
      {
        "package": "MSDebouncer",
        "repositoryURL": "https://github.com/moridaffy/MSDebouncer",
        "state": {
          "branch": "main",
          "revision": "1392bb611fd9a70f203081ac1cbcf0238cb9c79f",
          "version": null
        }
      }
    ]
  },
  "version": 1
}
