{
  "object": {
    "pins": [
      {
        "package": "MSDebouncer",
        "repositoryURL": "https://github.com/moridaffy/MSDebouncer",
        "state": {
          "branch": null,
          "revision": "e1d110b7d32c845d535f54c3acda242ad175d56a",
          "version": null
        }
      }
    ]
  },
  "version": 1
}
